
Microsoft Visual Studio Solution File, Format Version 12.00
# Visual Studio 15
VisualStudioVersion = 15.0.28307.271
MinimumVisualStudioVersion = 10.0.40219.1
Project("{FAE04EC0-301F-11D3-BF4B-00C04F79EFBC}") = "ProductsStore.WinForms", "ProductsStore.WinForms\ProductsStore.WinForms.csproj", "{829123C4-9DB4-4286-9458-819A55BB94B6}"
EndProject
Project("{FAE04EC0-301F-11D3-BF4B-00C04F79EFBC}") = "ProductsStore.DAL", "ProductsStore.DAL\ProductsStore.DAL.csproj", "{1ED36FAB-6D1D-4FA7-A0E4-D9CE940B2EFD}"
EndProject
Project("{FAE04EC0-301F-11D3-BF4B-00C04F79EFBC}") = "ProductsStore.BLL", "ProductsStore.BLL\ProductsStore.BLL.csproj", "{6127B2FE-81CF-4DA8-8B30-2EDB4A79D873}"
EndProject
Global
	GlobalSection(SolutionConfigurationPlatforms) = preSolution
		Debug|Any CPU = Debug|Any CPU
		Release|Any CPU = Release|Any CPU
	EndGlobalSection
	GlobalSection(ProjectConfigurationPlatforms) = postSolution
		{829123C4-9DB4-4286-9458-819A55BB94B6}.Debug|Any CPU.ActiveCfg = Debug|Any CPU
		{829123C4-9DB4-4286-9458-819A55BB94B6}.Debug|Any CPU.Build.0 = Debug|Any CPU
		{829123C4-9DB4-4286-9458-819A55BB94B6}.Release|Any CPU.ActiveCfg = Release|Any CPU
		{829123C4-9DB4-4286-9458-819A55BB94B6}.Release|Any CPU.Build.0 = Release|Any CPU
		{1ED36FAB-6D1D-4FA7-A0E4-D9CE940B2EFD}.Debug|Any CPU.ActiveCfg = Debug|Any CPU
		{1ED36FAB-6D1D-4FA7-A0E4-D9CE940B2EFD}.Debug|Any CPU.Build.0 = Debug|Any CPU
		{1ED36FAB-6D1D-4FA7-A0E4-D9CE940B2EFD}.Release|Any CPU.ActiveCfg = Release|Any CPU
		{1ED36FAB-6D1D-4FA7-A0E4-D9CE940B2EFD}.Release|Any CPU.Build.0 = Release|Any CPU
		{6127B2FE-81CF-4DA8-8B30-2EDB4A79D873}.Debug|Any CPU.ActiveCfg = Debug|Any CPU
		{6127B2FE-81CF-4DA8-8B30-2EDB4A79D873}.Debug|Any CPU.Build.0 = Debug|Any CPU
		{6127B2FE-81CF-4DA8-8B30-2EDB4A79D873}.Release|Any CPU.ActiveCfg = Release|Any CPU
		{6127B2FE-81CF-4DA8-8B30-2EDB4A79D873}.Release|Any CPU.Build.0 = Release|Any CPU
	EndGlobalSection
	GlobalSection(SolutionProperties) = preSolution
		HideSolutionNode = FALSE
	EndGlobalSection
	GlobalSection(ExtensibilityGlobals) = postSolution
		SolutionGuid = {6C2150D4-429B-413C-9FA4-AE22C3F25742}
	EndGlobalSection
EndGlobal
